https://replit.com/@wandaheal1982/DebugMaster?mobileBridge=1&hideBottomBar=1&forceTheme=replitDark&errorTrace=c8008127-8db4-436f-9da5-938a5b026012&vBonsai=2.137.0&mobileWebview=1&supportsUpsellBridge=1&permissionRequest=1&speechRecognition=1&workspace2=1&webviewBridge=1&storeReviewPrompt=1#package-lock.json